
Microsoft Visual Studio Solution File, Format Version 12.00
# Visual Studio 15
VisualStudioVersion = 15.0.27703.2047
MinimumVisualStudioVersion = 10.0.40219.1
Project("{FAE04EC0-301F-11D3-BF4B-00C04F79EFBC}") = "ErrorLogger", "ErrorLogger\ErrorLogger.csproj", "{07E1D03B-5E91-4435-8F58-8A51013DE5AD}"
EndProject
Project("{FAE04EC0-301F-11D3-BF4B-00C04F79EFBC}") = "DAL", "DAL\DAL.csproj", "{2C36440A-7B80-4AAC-BCC7-8D69BD72CDFB}"
EndProject
Project("{FAE04EC0-301F-11D3-BF4B-00C04F79EFBC}") = "BLL", "BLL\BLL.csproj", "{1DECEDFE-3FFE-429B-ACC0-6FDF671E5F43}"
EndProject
Project("{FAE04EC0-301F-11D3-BF4B-00C04F79EFBC}") = "ChurchServer", "ChurchServer\ChurchServer\ChurchServer.csproj", "{3BD4B2CC-15CF-41FE-92A4-8A12903E5CFF}"
EndProject
Project("{2150E333-8FDC-42A3-9474-1A3956D46DE8}") = "Photos", "Photos", "{477B5EA5-803E-499A-BC97-3140CFCE5DA1}"
	ProjectSection(SolutionItems) = preProject
		IMG_1077.JPG = IMG_1077.JPG
		IMG_1078.JPG = IMG_1078.JPG
		IMG_1079.JPG = IMG_1079.JPG
		IMG_1080.JPG = IMG_1080.JPG
		IMG_1081.JPG = IMG_1081.JPG
		IMG_1082.JPG = IMG_1082.JPG
		IMG_1083.JPG = IMG_1083.JPG
		IMG_1084.JPG = IMG_1084.JPG
		IMG_1085.JPG = IMG_1085.JPG
		IMG_1086.JPG = IMG_1086.JPG
		IMG_1087.JPG = IMG_1087.JPG
		IMG_1088.JPG = IMG_1088.JPG
		IMG_1089.JPG = IMG_1089.JPG
		IMG_1090.JPG = IMG_1090.JPG
		IMG_1091.JPG = IMG_1091.JPG
		IMG_1092.JPG = IMG_1092.JPG
		IMG_1093.JPG = IMG_1093.JPG
		IMG_1094.JPG = IMG_1094.JPG
		IMG_1095.JPG = IMG_1095.JPG
		IMG_1096.JPG = IMG_1096.JPG
		IMG_1097.JPG = IMG_1097.JPG
		IMG_1098.JPG = IMG_1098.JPG
		IMG_1099.JPG = IMG_1099.JPG
		IMG_1100.JPG = IMG_1100.JPG
		IMG_1101.JPG = IMG_1101.JPG
		IMG_1102.JPG = IMG_1102.JPG
		IMG_1103.JPG = IMG_1103.JPG
		IMG_1104.JPG = IMG_1104.JPG
		IMG_1105.JPG = IMG_1105.JPG
		IMG_1106.JPG = IMG_1106.JPG
		IMG_1107.JPG = IMG_1107.JPG
		IMG_1108.JPG = IMG_1108.JPG
		IMG_1109.JPG = IMG_1109.JPG
		IMG_1110.JPG = IMG_1110.JPG
		IMG_1111.JPG = IMG_1111.JPG
	EndProjectSection
EndProject
Global
	GlobalSection(SolutionConfigurationPlatforms) = preSolution
		Debug|Any CPU = Debug|Any CPU
		Release|Any CPU = Release|Any CPU
	EndGlobalSection
	GlobalSection(ProjectConfigurationPlatforms) = postSolution
		{07E1D03B-5E91-4435-8F58-8A51013DE5AD}.Debug|Any CPU.ActiveCfg = Debug|Any CPU
		{07E1D03B-5E91-4435-8F58-8A51013DE5AD}.Debug|Any CPU.Build.0 = Debug|Any CPU
		{07E1D03B-5E91-4435-8F58-8A51013DE5AD}.Release|Any CPU.ActiveCfg = Release|Any CPU
		{07E1D03B-5E91-4435-8F58-8A51013DE5AD}.Release|Any CPU.Build.0 = Release|Any CPU
		{2C36440A-7B80-4AAC-BCC7-8D69BD72CDFB}.Debug|Any CPU.ActiveCfg = Debug|Any CPU
		{2C36440A-7B80-4AAC-BCC7-8D69BD72CDFB}.Debug|Any CPU.Build.0 = Debug|Any CPU
		{2C36440A-7B80-4AAC-BCC7-8D69BD72CDFB}.Release|Any CPU.ActiveCfg = Release|Any CPU
		{2C36440A-7B80-4AAC-BCC7-8D69BD72CDFB}.Release|Any CPU.Build.0 = Release|Any CPU
		{1DECEDFE-3FFE-429B-ACC0-6FDF671E5F43}.Debug|Any CPU.ActiveCfg = Debug|Any CPU
		{1DECEDFE-3FFE-429B-ACC0-6FDF671E5F43}.Debug|Any CPU.Build.0 = Debug|Any CPU
		{1DECEDFE-3FFE-429B-ACC0-6FDF671E5F43}.Release|Any CPU.ActiveCfg = Release|Any CPU
		{1DECEDFE-3FFE-429B-ACC0-6FDF671E5F43}.Release|Any CPU.Build.0 = Release|Any CPU
		{3BD4B2CC-15CF-41FE-92A4-8A12903E5CFF}.Debug|Any CPU.ActiveCfg = Debug|Any CPU
		{3BD4B2CC-15CF-41FE-92A4-8A12903E5CFF}.Debug|Any CPU.Build.0 = Debug|Any CPU
		{3BD4B2CC-15CF-41FE-92A4-8A12903E5CFF}.Release|Any CPU.ActiveCfg = Release|Any CPU
		{3BD4B2CC-15CF-41FE-92A4-8A12903E5CFF}.Release|Any CPU.Build.0 = Release|Any CPU
	EndGlobalSection
	GlobalSection(SolutionProperties) = preSolution
		HideSolutionNode = FALSE
	EndGlobalSection
	GlobalSection(ExtensibilityGlobals) = postSolution
		SolutionGuid = {5932FE49-355C-4058-B13B-6E0E0AD8F54D}
	EndGlobalSection
EndGlobal
